
Microsoft Visual Studio Solution File, Format Version 12.00
# Visual Studio Version 17
VisualStudioVersion = 17.13.35931.197 d17.13
MinimumVisualStudioVersion = 10.0.40219.1
Project("{FAE04EC0-301F-11D3-BF4B-00C04F79EFBC}") = "feladat0528", "feladat0528\feladat0528.csproj", "{ABC2F418-4DF0-4A0E-8A30-EACDFDFB5EB0}"
EndProject
Global
	GlobalSection(SolutionConfigurationPlatforms) = preSolution
		Debug|Any CPU = Debug|Any CPU
		Release|Any CPU = Release|Any CPU
	EndGlobalSection
	GlobalSection(ProjectConfigurationPlatforms) = postSolution
		{ABC2F418-4DF0-4A0E-8A30-EACDFDFB5EB0}.Debug|Any CPU.ActiveCfg = Debug|Any CPU
		{ABC2F418-4DF0-4A0E-8A30-EACDFDFB5EB0}.Debug|Any CPU.Build.0 = Debug|Any CPU
		{ABC2F418-4DF0-4A0E-8A30-EACDFDFB5EB0}.Release|Any CPU.ActiveCfg = Release|Any CPU
		{ABC2F418-4DF0-4A0E-8A30-EACDFDFB5EB0}.Release|Any CPU.Build.0 = Release|Any CPU
	EndGlobalSection
	GlobalSection(SolutionProperties) = preSolution
		HideSolutionNode = FALSE
	EndGlobalSection
	GlobalSection(ExtensibilityGlobals) = postSolution
		SolutionGuid = {2ADAB902-2B4B-44BC-937A-94A814D0E0B0}
	EndGlobalSection
EndGlobal
